
Microsoft Visual Studio Solution File, Format Version 12.00
# Visual Studio Version 17
VisualStudioVersion = 17.5.2.0
MinimumVisualStudioVersion = 10.0.40219.1
Project("{FAE04EC0-301F-11D3-BF4B-00C04F79EFBC}") = "piano-mailchimp-webhook", "piano-mailchimp-webhook.csproj", "{827B0438-C894-6A95-0FBB-BB106972F449}"
EndProject
Project("{FAE04EC0-301F-11D3-BF4B-00C04F79EFBC}") = "piano-mailchimp-webhook.IntegrationTests", "tests\piano-mailchimp-webhook.IntegrationTests\piano-mailchimp-webhook.IntegrationTests.csproj", "{D0B0AB70-7AE7-4CC6-BBA3-4A3A9C5F52D0}"
EndProject
Global
	GlobalSection(SolutionConfigurationPlatforms) = preSolution
		Debug|Any CPU = Debug|Any CPU
		Debug|x64 = Debug|x64
		Debug|x86 = Debug|x86
		Release|Any CPU = Release|Any CPU
		Release|x64 = Release|x64
		Release|x86 = Release|x86
	EndGlobalSection
	GlobalSection(ProjectConfigurationPlatforms) = postSolution
		{827B0438-C894-6A95-0FBB-BB106972F449}.Debug|Any CPU.ActiveCfg = Debug|Any CPU
		{827B0438-C894-6A95-0FBB-BB106972F449}.Debug|Any CPU.Build.0 = Debug|Any CPU
		{827B0438-C894-6A95-0FBB-BB106972F449}.Debug|x64.ActiveCfg = Debug|Any CPU
		{827B0438-C894-6A95-0FBB-BB106972F449}.Debug|x64.Build.0 = Debug|Any CPU
		{827B0438-C894-6A95-0FBB-BB106972F449}.Debug|x86.ActiveCfg = Debug|Any CPU
		{827B0438-C894-6A95-0FBB-BB106972F449}.Debug|x86.Build.0 = Debug|Any CPU
		{827B0438-C894-6A95-0FBB-BB106972F449}.Release|Any CPU.ActiveCfg = Release|Any CPU
		{827B0438-C894-6A95-0FBB-BB106972F449}.Release|Any CPU.Build.0 = Release|Any CPU
		{827B0438-C894-6A95-0FBB-BB106972F449}.Release|x64.ActiveCfg = Release|Any CPU
		{827B0438-C894-6A95-0FBB-BB106972F449}.Release|x64.Build.0 = Release|Any CPU
		{827B0438-C894-6A95-0FBB-BB106972F449}.Release|x86.ActiveCfg = Release|Any CPU
		{827B0438-C894-6A95-0FBB-BB106972F449}.Release|x86.Build.0 = Release|Any CPU
		{D0B0AB70-7AE7-4CC6-BBA3-4A3A9C5F52D0}.Debug|Any CPU.ActiveCfg = Debug|Any CPU
		{D0B0AB70-7AE7-4CC6-BBA3-4A3A9C5F52D0}.Debug|Any CPU.Build.0 = Debug|Any CPU
		{D0B0AB70-7AE7-4CC6-BBA3-4A3A9C5F52D0}.Debug|x64.ActiveCfg = Debug|Any CPU
		{D0B0AB70-7AE7-4CC6-BBA3-4A3A9C5F52D0}.Debug|x64.Build.0 = Debug|Any CPU
		{D0B0AB70-7AE7-4CC6-BBA3-4A3A9C5F52D0}.Debug|x86.ActiveCfg = Debug|Any CPU
		{D0B0AB70-7AE7-4CC6-BBA3-4A3A9C5F52D0}.Debug|x86.Build.0 = Debug|Any CPU
		{D0B0AB70-7AE7-4CC6-BBA3-4A3A9C5F52D0}.Release|Any CPU.ActiveCfg = Release|Any CPU
		{D0B0AB70-7AE7-4CC6-BBA3-4A3A9C5F52D0}.Release|Any CPU.Build.0 = Release|Any CPU
		{D0B0AB70-7AE7-4CC6-BBA3-4A3A9C5F52D0}.Release|x64.ActiveCfg = Release|Any CPU
		{D0B0AB70-7AE7-4CC6-BBA3-4A3A9C5F52D0}.Release|x64.Build.0 = Release|Any CPU
		{D0B0AB70-7AE7-4CC6-BBA3-4A3A9C5F52D0}.Release|x86.ActiveCfg = Release|Any CPU
		{D0B0AB70-7AE7-4CC6-BBA3-4A3A9C5F52D0}.Release|x86.Build.0 = Release|Any CPU
	EndGlobalSection
	GlobalSection(SolutionProperties) = preSolution
		HideSolutionNode = FALSE
	EndGlobalSection
	GlobalSection(ExtensibilityGlobals) = postSolution
		SolutionGuid = {CAB0304F-B184-4DDF-BCAF-E3767C5DC4EC}
	EndGlobalSection
EndGlobal
